
Microsoft Visual Studio Solution File, Format Version 12.00
# Visual Studio Version 17
VisualStudioVersion = 17.5.33530.505
MinimumVisualStudioVersion = 10.0.40219.1
Project("{9A19103F-16F7-4668-BE54-9A1E7A4F7556}") = "Mirage", "Mirage.csproj", "{7BD3CCF6-A298-4583-BC42-C083E8303F2D}"
EndProject
Project("{9A19103F-16F7-4668-BE54-9A1E7A4F7556}") = "Mirage.Android", "..\Mirage.Android\Mirage.Android.csproj", "{6A89A23A-197A-4056-9CD3-98AAC590F3FE}"
EndProject
Project("{9A19103F-16F7-4668-BE54-9A1E7A4F7556}") = "Mirage.Desktop", "..\Mirage.Desktop\Mirage.Desktop.csproj", "{0770AD22-D171-4F6C-97E0-6C3CC7554344}"
EndProject
Global
	GlobalSection(SolutionConfigurationPlatforms) = preSolution
		Debug|Any CPU = Debug|Any CPU
		Release|Any CPU = Release|Any CPU
	EndGlobalSection
	GlobalSection(ProjectConfigurationPlatforms) = postSolution
		{7BD3CCF6-A298-4583-BC42-C083E8303F2D}.Debug|Any CPU.ActiveCfg = Debug|Any CPU
		{7BD3CCF6-A298-4583-BC42-C083E8303F2D}.Debug|Any CPU.Build.0 = Debug|Any CPU
		{7BD3CCF6-A298-4583-BC42-C083E8303F2D}.Release|Any CPU.ActiveCfg = Release|Any CPU
		{7BD3CCF6-A298-4583-BC42-C083E8303F2D}.Release|Any CPU.Build.0 = Release|Any CPU
		{6A89A23A-197A-4056-9CD3-98AAC590F3FE}.Debug|Any CPU.ActiveCfg = Debug|Any CPU
		{6A89A23A-197A-4056-9CD3-98AAC590F3FE}.Debug|Any CPU.Build.0 = Debug|Any CPU
		{6A89A23A-197A-4056-9CD3-98AAC590F3FE}.Debug|Any CPU.Deploy.0 = Debug|Any CPU
		{6A89A23A-197A-4056-9CD3-98AAC590F3FE}.Release|Any CPU.ActiveCfg = Release|Any CPU
		{6A89A23A-197A-4056-9CD3-98AAC590F3FE}.Release|Any CPU.Build.0 = Release|Any CPU
		{6A89A23A-197A-4056-9CD3-98AAC590F3FE}.Release|Any CPU.Deploy.0 = Release|Any CPU
		{0770AD22-D171-4F6C-97E0-6C3CC7554344}.Debug|Any CPU.ActiveCfg = Debug|Any CPU
		{0770AD22-D171-4F6C-97E0-6C3CC7554344}.Debug|Any CPU.Build.0 = Debug|Any CPU
		{0770AD22-D171-4F6C-97E0-6C3CC7554344}.Release|Any CPU.ActiveCfg = Release|Any CPU
		{0770AD22-D171-4F6C-97E0-6C3CC7554344}.Release|Any CPU.Build.0 = Release|Any CPU
	EndGlobalSection
	GlobalSection(SolutionProperties) = preSolution
		HideSolutionNode = FALSE
	EndGlobalSection
	GlobalSection(ExtensibilityGlobals) = postSolution
		SolutionGuid = {A16C2892-64D5-4506-B4D8-E7BFCEC1F49C}
	EndGlobalSection
EndGlobal
